// !$*UTF8*$!
{
	archiveVersion = 1;
	classes = {
	};
	objectVersion = 56;
	objects = {

/* Begin PBXBuildFile section */
		8410A1392B9A806C007E1C3B /* StudentProgressInfoApp.swift in Sources */ = {isa = PBXBuildFile; fileRef = 8410A1382B9A806C007E1C3B /* StudentProgressInfoApp.swift */; };
		8410A13B2B9A806C007E1C3B /* ContentView.swift in Sources */ = {isa = PBXBuildFile; fileRef = 8410A13A2B9A806C007E1C3B /* ContentView.swift */; };
		8410A13D2B9A806E007E1C3B /* Assets.xcassets in Resources */ = {isa = PBXBuildFile; fileRef = 8410A13C2B9A806E007E1C3B /* Assets.xcassets */; };
		8410A1402B9A806E007E1C3B /* Preview Assets.xcassets in Resources */ = {isa = PBXBuildFile; fileRef = 8410A13F2B9A806E007E1C3B /* Preview Assets.xcassets */; };
		8410A1422B9A806E007E1C3B /* Persistence.swift in Sources */ = {isa = PBXBuildFile; fileRef = 8410A1412B9A806E007E1C3B /* Persistence.swift */; };
		8410A1452B9A806E007E1C3B /* StudentProgressInfo.xcdatamodeld in Sources */ = {isa = PBXBuildFile; fileRef = 8410A1432B9A806E007E1C3B /* StudentProgressInfo.xcdatamodeld */; };
		8410A14F2B9A806E007E1C3B /* StudentProgressInfoTests.swift in Sources */ = {isa = PBXBuildFile; fileRef = 8410A14E2B9A806E007E1C3B /* StudentProgressInfoTests.swift */; };
		8410A1592B9A806E007E1C3B /* StudentProgressInfoUITests.swift in Sources */ = {isa = PBXBuildFile; fileRef = 8410A1582B9A806E007E1C3B /* StudentProgressInfoUITests.swift */; };
		8410A15B2B9A806E007E1C3B /* StudentProgressInfoUITestsLaunchTests.swift in Sources */ = {isa = PBXBuildFile; fileRef = 8410A15A2B9A806E007E1C3B /* StudentProgressInfoUITestsLaunchTests.swift */; };
		8410A1682B9A813F007E1C3B /* CoreDataManager.swift in Sources */ = {isa = PBXBuildFile; fileRef = 8410A1672B9A813F007E1C3B /* CoreDataManager.swift */; };
		8410A16A2B9A8191007E1C3B /* ReportListView.swift in Sources */ = {isa = PBXBuildFile; fileRef = 8410A1692B9A8191007E1C3B /* ReportListView.swift */; };
		8410A16C2B9A8250007E1C3B /* SubmitDescriptionView.swift in Sources */ = {isa = PBXBuildFile; fileRef = 8410A16B2B9A824F007E1C3B /* SubmitDescriptionView.swift */; };
/* End PBXBuildFile section */

/* Begin PBXContainerItemProxy section */
		8410A14B2B9A806E007E1C3B /* PBXContainerItemProxy */ = {
			isa = PBXContainerItemProxy;
			containerPortal = 8410A12D2B9A806C007E1C3B /* Project object */;
			proxyType = 1;
			remoteGlobalIDString = 8410A1342B9A806C007E1C3B;
			remoteInfo = StudentProgressInfo;
		};
		8410A1552B9A806E007E1C3B /* PBXContainerItemProxy */ = {
			isa = PBXContainerItemProxy;
			containerPortal = 8410A12D2B9A806C007E1C3B /* Project object */;
			proxyType = 1;
			remoteGlobalIDString = 8410A1342B9A806C007E1C3B;
			remoteInfo = StudentProgressInfo;
		};
/* End PBXContainerItemProxy section */

/* Begin PBXFileReference section */
		8410A1352B9A806C007E1C3B /* StudentProgressInfo.app */ = {isa = PBXFileReference; explicitFileType = wrapper.application; includeInIndex = 0; path = StudentProgressInfo.app; sourceTree = BUILT_PRODUCTS_DIR; };
		8410A1382B9A806C007E1C3B /* StudentProgressInfoApp.swift */ = {isa = PBXFileReference; lastKnownFileType = sourcecode.swift; path = StudentProgressInfoApp.swift; sourceTree = "<group>"; };
		8410A13A2B9A806C007E1C3B /* ContentView.swift */ = {isa = PBXFileReference; lastKnownFileType = sourcecode.swift; path = ContentView.swift; sourceTree = "<group>"; };
		8410A13C2B9A806E007E1C3B /* Assets.xcassets */ = {isa = PBXFileReference; lastKnownFileType = folder.assetcatalog; path = Assets.xcassets; sourceTree = "<group>"; };
		8410A13F2B9A806E007E1C3B /* Preview Assets.xcassets */ = {isa = PBXFileReference; lastKnownFileType = folder.assetcatalog; path = "Preview Assets.xcassets"; sourceTree = "<group>"; };
		8410A1412B9A806E007E1C3B /* Persistence.swift */ = {isa = PBXFileReference; lastKnownFileType = sourcecode.swift; path = Persistence.swift; sourceTree = "<group>"; };
		8410A1442B9A806E007E1C3B /* StudentProgressInfo.xcdatamodel */ = {isa = PBXFileReference; lastKnownFileType = wrapper.xcdatamodel; path = StudentProgressInfo.xcdatamodel; sourceTree = "<group>"; };
		8410A14A2B9A806E007E1C3B /* StudentProgressInfoTests.xctest */ = {isa = PBXFileReference; explicitFileType = wrapper.cfbundle; includeInIndex = 0; path = StudentProgressInfoTests.xctest; sourceTree = BUILT_PRODUCTS_DIR; };
		8410A14E2B9A806E007E1C3B /* StudentProgressInfoTests.swift */ = {isa = PBXFileReference; lastKnownFileType = sourcecode.swift; path = StudentProgressInfoTests.swift; sourceTree = "<group>"; };
		8410A1542B9A806E007E1C3B /* StudentProgressInfoUITests.xctest */ = {isa = PBXFileReference; explicitFileType = wrapper.cfbundle; includeInIndex = 0; path = StudentProgressInfoUITests.xctest; sourceTree = BUILT_PRODUCTS_DIR; };
		8410A1582B9A806E007E1C3B /* StudentProgressInfoUITests.swift */ = {isa = PBXFileReference; lastKnownFileType = sourcecode.swift; path = StudentProgressInfoUITests.swift; sourceTree = "<group>"; };
		8410A15A2B9A806E007E1C3B /* StudentProgressInfoUITestsLaunchTests.swift */ = {isa = PBXFileReference; lastKnownFileType = sourcecode.swift; path = StudentProgressInfoUITestsLaunchTests.swift; sourceTree = "<group>"; };
		8410A1672B9A813F007E1C3B /* CoreDataManager.swift */ = {isa = PBXFileReference; lastKnownFileType = sourcecode.swift; path = CoreDataManager.swift; sourceTree = "<group>"; };
		8410A1692B9A8191007E1C3B /* ReportListView.swift */ = {isa = PBXFileReference; lastKnownFileType = sourcecode.swift; path = ReportListView.swift; sourceTree = "<group>"; };
		8410A16B2B9A824F007E1C3B /* SubmitDescriptionView.swift */ = {isa = PBXFileReference; lastKnownFileType = sourcecode.swift; path = SubmitDescriptionView.swift; sourceTree = "<group>"; };
/* End PBXFileReference section */

/* Begin PBXFrameworksBuildPhase section */
		8410A1322B9A806C007E1C3B /* Frameworks */ = {
			isa = PBXFrameworksBuildPhase;
			buildActionMask = 2147483647;
			files = (
			);
			runOnlyForDeploymentPostprocessing = 0;
		};
		8410A1472B9A806E007E1C3B /* Frameworks */ = {
			isa = PBXFrameworksBuildPhase;
			buildActionMask = 2147483647;
			files = (
			);
			runOnlyForDeploymentPostprocessing = 0;
		};
		8410A1512B9A806E007E1C3B /* Frameworks */ = {
			isa = PBXFrameworksBuildPhase;
			buildActionMask = 2147483647;
			files = (
			);
			runOnlyForDeploymentPostprocessing = 0;
		};
/* End PBXFrameworksBuildPhase section */

/* Begin PBXGroup section */
		8410A12C2B9A806C007E1C3B = {
			isa = PBXGroup;
			children = (
				8410A1372B9A806C007E1C3B /* StudentProgressInfo */,
				8410A14D2B9A806E007E1C3B /* StudentProgressInfoTests */,
				8410A1572B9A806E007E1C3B /* StudentProgressInfoUITests */,
				8410A1362B9A806C007E1C3B /* Products */,
			);
			sourceTree = "<group>";
		};
		8410A1362B9A806C007E1C3B /* Products */ = {
			isa = PBXGroup;
			children = (
				8410A1352B9A806C007E1C3B /* StudentProgressInfo.app */,
				8410A14A2B9A806E007E1C3B /* StudentProgressInfoTests.xctest */,
				8410A1542B9A806E007E1C3B /* StudentProgressInfoUITests.xctest */,
			);
			name = Products;
			sourceTree = "<group>";
		};
		8410A1372B9A806C007E1C3B /* StudentProgressInfo */ = {
			isa = PBXGroup;
			children = (
				8410A1382B9A806C007E1C3B /* StudentProgressInfoApp.swift */,
				8410A13A2B9A806C007E1C3B /* ContentView.swift */,
				8410A1672B9A813F007E1C3B /* CoreDataManager.swift */,
				8410A1692B9A8191007E1C3B /* ReportListView.swift */,
				8410A16B2B9A824F007E1C3B /* SubmitDescriptionView.swift */,
				8410A13C2B9A806E007E1C3B /* Assets.xcassets */,
				8410A1412B9A806E007E1C3B /* Persistence.swift */,
				8410A1432B9A806E007E1C3B /* StudentProgressInfo.xcdatamodeld */,
				8410A13E2B9A806E007E1C3B /* Preview Content */,
			);
			path = StudentProgressInfo;
			sourceTree = "<group>";
		};
		8410A13E2B9A806E007E1C3B /* Preview Content */ = {
			isa = PBXGroup;
			children = (
				8410A13F2B9A806E007E1C3B /* Preview Assets.xcassets */,
			);
			path = "Preview Content";
			sourceTree = "<group>";
		};
		8410A14D2B9A806E007E1C3B /* StudentProgressInfoTests */ = {
			isa = PBXGroup;
			children = (
				8410A14E2B9A806E007E1C3B /* StudentProgressInfoTests.swift */,
			);
			path = StudentProgressInfoTests;
			sourceTree = "<group>";
		};
		8410A1572B9A806E007E1C3B /* StudentProgressInfoUITests */ = {
			isa = PBXGroup;
			children = (
				8410A1582B9A806E007E1C3B /* StudentProgressInfoUITests.swift */,
				8410A15A2B9A806E007E1C3B /* StudentProgressInfoUITestsLaunchTests.swift */,
			);
			path = StudentProgressInfoUITests;
			sourceTree = "<group>";
		};
/* End PBXGroup section */

/* Begin PBXNativeTarget section */
		8410A1342B9A806C007E1C3B /* StudentProgressInfo */ = {
			isa = PBXNativeTarget;
			buildConfigurationList = 8410A15E2B9A806E007E1C3B /* Build configuration list for PBXNativeTarget "StudentProgressInfo" */;
			buildPhases = (
				8410A1312B9A806C007E1C3B /* Sources */,
				8410A1322B9A806C007E1C3B /* Frameworks */,
				8410A1332B9A806C007E1C3B /* Resources */,
			);
			buildRules = (
			);
			dependencies = (
			);
			name = StudentProgressInfo;
			productName = StudentProgressInfo;
			productReference = 8410A1352B9A806C007E1C3B /* StudentProgressInfo.app */;
			productType = "com.apple.product-type.application";
		};
		8410A1492B9A806E007E1C3B /* StudentProgressInfoTests */ = {
			isa = PBXNativeTarget;
			buildConfigurationList = 8410A1612B9A806E007E1C3B /* Build configuration list for PBXNativeTarget "StudentProgressInfoTests" */;
			buildPhases = (
				8410A1462B9A806E007E1C3B /* Sources */,
				8410A1472B9A806E007E1C3B /* Frameworks */,
				8410A1482B9A806E007E1C3B /* Resources */,
			);
			buildRules = (
			);
			dependencies = (
				8410A14C2B9A806E007E1C3B /* PBXTargetDependency */,
			);
			name = StudentProgressInfoTests;
			productName = StudentProgressInfoTests;
			productReference = 8410A14A2B9A806E007E1C3B /* StudentProgressInfoTests.xctest */;
			productType = "com.apple.product-type.bundle.unit-test";
		};
		8410A1532B9A806E007E1C3B /* StudentProgressInfoUITests */ = {
			isa = PBXNativeTarget;
			buildConfigurationList = 8410A1642B9A806E007E1C3B /* Build configuration list for PBXNativeTarget "StudentProgressInfoUITests" */;
			buildPhases = (
				8410A1502B9A806E007E1C3B /* Sources */,
				8410A1512B9A806E007E1C3B /* Frameworks */,
				8410A1522B9A806E007E1C3B /* Resources */,
			);
			buildRules = (
			);
			dependencies = (
				8410A1562B9A806E007E1C3B /* PBXTargetDependency */,
			);
			name = StudentProgressInfoUITests;
			productName = StudentProgressInfoUITests;
			productReference = 8410A1542B9A806E007E1C3B /* StudentProgressInfoUITests.xctest */;
			productType = "com.apple.product-type.bundle.ui-testing";
		};
/* End PBXNativeTarget section */

/* Begin PBXProject section */
		8410A12D2B9A806C007E1C3B /* Project object */ = {
			isa = PBXProject;
			attributes = {
				BuildIndependentTargetsInParallel = 1;
				LastSwiftUpdateCheck = 1430;
				LastUpgradeCheck = 1430;
				TargetAttributes = {
					8410A1342B9A806C007E1C3B = {
						CreatedOnToolsVersion = 14.3.1;
					};
					8410A1492B9A806E007E1C3B = {
						CreatedOnToolsVersion = 14.3.1;
						TestTargetID = 8410A1342B9A806C007E1C3B;
					};
					8410A1532B9A806E007E1C3B = {
						CreatedOnToolsVersion = 14.3.1;
						TestTargetID = 8410A1342B9A806C007E1C3B;
					};
				};
			};
			buildConfigurationList = 8410A1302B9A806C007E1C3B /* Build configuration list for PBXProject "StudentProgressInfo" */;
			compatibilityVersion = "Xcode 14.0";
			developmentRegion = en;
			hasScannedForEncodings = 0;
			knownRegions = (
				en,
				Base,
			);
			mainGroup = 8410A12C2B9A806C007E1C3B;
			productRefGroup = 8410A1362B9A806C007E1C3B /* Products */;
			projectDirPath = "";
			projectRoot = "";
			targets = (
				8410A1342B9A806C007E1C3B /* StudentProgressInfo */,
				8410A1492B9A806E007E1C3B /* StudentProgressInfoTests */,
				8410A1532B9A806E007E1C3B /* StudentProgressInfoUITests */,
			);
		};
/* End PBXProject section */

/* Begin PBXResourcesBuildPhase section */
		8410A1332B9A806C007E1C3B /* Resources */ = {
			isa = PBXResourcesBuildPhase;
			buildActionMask = 2147483647;
			files = (
				8410A1402B9A806E007E1C3B /* Preview Assets.xcassets in Resources */,
				8410A13D2B9A806E007E1C3B /* Assets.xcassets in Resources */,
			);
			runOnlyForDeploymentPostprocessing = 0;
		};
		8410A1482B9A806E007E1C3B /* Resources */ = {
			isa = PBXResourcesBuildPhase;
			buildActionMask = 2147483647;
			files = (
			);
			runOnlyForDeploymentPostprocessing = 0;
		};
		8410A1522B9A806E007E1C3B /* Resources */ = {
			isa = PBXResourcesBuildPhase;
			buildActionMask = 2147483647;
			files = (
			);
			runOnlyForDeploymentPostprocessing = 0;
		};
/* End PBXResourcesBuildPhase section */

/* Begin PBXSourcesBuildPhase section */
		8410A1312B9A806C007E1C3B /* Sources */ = {
			isa = PBXSourcesBuildPhase;
			buildActionMask = 2147483647;
			files = (
				8410A16C2B9A8250007E1C3B /* SubmitDescriptionView.swift in Sources */,
				8410A1452B9A806E007E1C3B /* StudentProgressInfo.xcdatamodeld in Sources */,
				8410A1422B9A806E007E1C3B /* Persistence.swift in Sources */,
				8410A13B2B9A806C007E1C3B /* ContentView.swift in Sources */,
				8410A1682B9A813F007E1C3B /* CoreDataManager.swift in Sources */,
				8410A16A2B9A8191007E1C3B /* ReportListView.swift in Sources */,
				8410A1392B9A806C007E1C3B /* StudentProgressInfoApp.swift in Sources */,
			);
			runOnlyForDeploymentPostprocessing = 0;
		};
		8410A1462B9A806E007E1C3B /* Sources */ = {
			isa = PBXSourcesBuildPhase;
			buildActionMask = 2147483647;
			files = (
				8410A14F2B9A806E007E1C3B /* StudentProgressInfoTests.swift in Sources */,
			);
			runOnlyForDeploymentPostprocessing = 0;
		};
		8410A1502B9A806E007E1C3B /* Sources */ = {
			isa = PBXSourcesBuildPhase;
			buildActionMask = 2147483647;
			files = (
				8410A1592B9A806E007E1C3B /* StudentProgressInfoUITests.swift in Sources */,
				8410A15B2B9A806E007E1C3B /* StudentProgressInfoUITestsLaunchTests.swift in Sources */,
			);
			runOnlyForDeploymentPostprocessing = 0;
		};
/* End PBXSourcesBuildPhase section */

/* Begin PBXTargetDependency section */
		8410A14C2B9A806E007E1C3B /* PBXTargetDependency */ = {
			isa = PBXTargetDependency;
			target = 8410A1342B9A806C007E1C3B /* StudentProgressInfo */;
			targetProxy = 8410A14B2B9A806E007E1C3B /* PBXContainerItemProxy */;
		};
		8410A1562B9A806E007E1C3B /* PBXTargetDependency */ = {
			isa = PBXTargetDependency;
			target = 8410A1342B9A806C007E1C3B /* StudentProgressInfo */;
			targetProxy = 8410A1552B9A806E007E1C3B /* PBXContainerItemProxy */;
		};
/* End PBXTargetDependency section */

/* Begin XCBuildConfiguration section */
		8410A15C2B9A806E007E1C3B /* Debug */ = {
			isa = XCBuildConfiguration;
			buildSettings = {
				ALWAYS_SEARCH_USER_PATHS = NO;
				CLANG_ANALYZER_NONNULL = YES;
				CLANG_ANALYZER_NUMBER_OBJECT_CONVERSION = YES_AGGRESSIVE;
				CLANG_CXX_LANGUAGE_STANDARD = "gnu++20";
				CLANG_ENABLE_MODULES = YES;
				CLANG_ENABLE_OBJC_ARC = YES;
				CLANG_ENABLE_OBJC_WEAK = YES;
				CLANG_WARN_BLOCK_CAPTURE_AUTORELEASING = YES;
				CLANG_WARN_BOOL_CONVERSION = YES;
				CLANG_WARN_COMMA = YES;
				CLANG_WARN_CONSTANT_CONVERSION = YES;
				CLANG_WARN_DEPRECATED_OBJC_IMPLEMENTATIONS = YES;
				CLANG_WARN_DIRECT_OBJC_ISA_USAGE = YES_ERROR;
				CLANG_WARN_DOCUMENTATION_COMMENTS = YES;
				CLANG_WARN_EMPTY_BODY = YES;
				CLANG_WARN_ENUM_CONVERSION = YES;
				CLANG_WARN_INFINITE_RECURSION = YES;
				CLANG_WARN_INT_CONVERSION = YES;
				CLANG_WARN_NON_LITERAL_NULL_CONVERSION = YES;
				CLANG_WARN_OBJC_IMPLICIT_RETAIN_SELF = YES;
				CLANG_WARN_OBJC_LITERAL_CONVERSION = YES;
				CLANG_WARN_OBJC_ROOT_CLASS = YES_ERROR;
				CLANG_WARN_QUOTED_INCLUDE_IN_FRAMEWORK_HEADER = YES;
				CLANG_WARN_RANGE_LOOP_ANALYSIS = YES;
				CLANG_WARN_STRICT_PROTOTYPES = YES;
				CLANG_WARN_SUSPICIOUS_MOVE = YES;
				CLANG_WARN_UNGUARDED_AVAILABILITY = YES_AGGRESSIVE;
				CLANG_WARN_UNREACHABLE_CODE = YES;
				CLANG_WARN__DUPLICATE_METHOD_MATCH = YES;
				COPY_PHASE_STRIP = NO;
				DEBUG_INFORMATION_FORMAT = dwarf;
				ENABLE_STRICT_OBJC_MSGSEND = YES;
				ENABLE_TESTABILITY = YES;
				GCC_C_LANGUAGE_STANDARD = gnu11;
				GCC_DYNAMIC_NO_PIC = NO;
				GCC_NO_COMMON_BLOCKS = YES;
				GCC_OPTIMIZATION_LEVEL = 0;
				GCC_PREPROCESSOR_DEFINITIONS = (
					"DEBUG=1",
					"$(inherited)",
				);
				GCC_WARN_64_TO_32_BIT_CONVERSION = YES;
				GCC_WARN_ABOUT_RETURN_TYPE = YES_ERROR;
				GCC_WARN_UNDECLARED_SELECTOR = YES;
				GCC_WARN_UNINITIALIZED_AUTOS = YES_AGGRESSIVE;
				GCC_WARN_UNUSED_FUNCTION = YES;
				GCC_WARN_UNUSED_VARIABLE = YES;
				IPHONEOS_DEPLOYMENT_TARGET = 16.4;
				MTL_ENABLE_DEBUG_INFO = INCLUDE_SOURCE;
				MTL_FAST_MATH = YES;
				ONLY_ACTIVE_ARCH = YES;
				SDKROOT = iphoneos;
				SWIFT_ACTIVE_COMPILATION_CONDITIONS = DEBUG;
				SWIFT_OPTIMIZATION_LEVEL = "-Onone";
			};
			name = Debug;
		};
		8410A15D2B9A806E007E1C3B /* Release */ = {
			isa = XCBuildConfiguration;
			buildSettings = {
				ALWAYS_SEARCH_USER_PATHS = NO;
				CLANG_ANALYZER_NONNULL = YES;
				CLANG_ANALYZER_NUMBER_OBJECT_CONVERSION = YES_AGGRESSIVE;
				CLANG_CXX_LANGUAGE_STANDARD = "gnu++20";
				CLANG_ENABLE_MODULES = YES;
				CLANG_ENABLE_OBJC_ARC = YES;
				CLANG_ENABLE_OBJC_WEAK = YES;
				CLANG_WARN_BLOCK_CAPTURE_AUTORELEASING = YES;
				CLANG_WARN_BOOL_CONVERSION = YES;
				CLANG_WARN_COMMA = YES;
				CLANG_WARN_CONSTANT_CONVERSION = YES;
				CLANG_WARN_DEPRECATED_OBJC_IMPLEMENTATIONS = YES;
				CLANG_WARN_DIRECT_OBJC_ISA_USAGE = YES_ERROR;
				CLANG_WARN_DOCUMENTATION_COMMENTS = YES;
				CLANG_WARN_EMPTY_BODY = YES;
				CLANG_WARN_ENUM_CONVERSION = YES;
				CLANG_WARN_INFINITE_RECURSION = YES;
				CLANG_WARN_INT_CONVERSION = YES;
				CLANG_WARN_NON_LITERAL_NULL_CONVERSION = YES;
				CLANG_WARN_OBJC_IMPLICIT_RETAIN_SELF = YES;
				CLANG_WARN_OBJC_LITERAL_CONVERSION = YES;
				CLANG_WARN_OBJC_ROOT_CLASS = YES_ERROR;
				CLANG_WARN_QUOTED_INCLUDE_IN_FRAMEWORK_HEADER = YES;
				CLANG_WARN_RANGE_LOOP_ANALYSIS = YES;
				CLANG_WARN_STRICT_PROTOTYPES = YES;
				CLANG_WARN_SUSPICIOUS_MOVE = YES;
				CLANG_WARN_UNGUARDED_AVAILABILITY = YES_AGGRESSIVE;
				CLANG_WARN_UNREACHABLE_CODE = YES;
				CLANG_WARN__DUPLICATE_METHOD_MATCH = YES;
				COPY_PHASE_STRIP = NO;
				DEBUG_INFORMATION_FORMAT = "dwarf-with-dsym";
				ENABLE_NS_ASSERTIONS = NO;
				ENABLE_STRICT_OBJC_MSGSEND = YES;
				GCC_C_LANGUAGE_STANDARD = gnu11;
				GCC_NO_COMMON_BLOCKS = YES;
				GCC_WARN_64_TO_32_BIT_CONVERSION = YES;
				GCC_WARN_ABOUT_RETURN_TYPE = YES_ERROR;
				GCC_WARN_UNDECLARED_SELECTOR = YES;
				GCC_WARN_UNINITIALIZED_AUTOS = YES_AGGRESSIVE;
				GCC_WARN_UNUSED_FUNCTION = YES;
				GCC_WARN_UNUSED_VARIABLE = YES;
				IPHONEOS_DEPLOYMENT_TARGET = 16.4;
				MTL_ENABLE_DEBUG_INFO = NO;
				MTL_FAST_MATH = YES;
				SDKROOT = iphoneos;
				SWIFT_COMPILATION_MODE = wholemodule;
				SWIFT_OPTIMIZATION_LEVEL = "-O";
				VALIDATE_PRODUCT = YES;
			};
			name = Release;
		};
		8410A15F2B9A806E007E1C3B /* Debug */ = {
			isa = XCBuildConfiguration;
			buildSettings = {
				ASSETCATALOG_COMPILER_APPICON_NAME = AppIcon;
				ASSETCATALOG_COMPILER_GLOBAL_ACCENT_COLOR_NAME = AccentColor;
				CODE_SIGN_STYLE = Automatic;
				CURRENT_PROJECT_VERSION = 1;
				DEVELOPMENT_ASSET_PATHS = "\"StudentProgressInfo/Preview Content\"";
				ENABLE_PREVIEWS = YES;
				GENERATE_INFOPLIST_FILE = YES;
				INFOPLIST_KEY_UIApplicationSceneManifest_Generation = YES;
				INFOPLIST_KEY_UIApplicationSupportsIndirectInputEvents = YES;
				INFOPLIST_KEY_UILaunchScreen_Generation = YES;
				INFOPLIST_KEY_UISupportedInterfaceOrientations_iPad = "UIInterfaceOrientationPortrait UIInterfaceOrientationPortraitUpsideDown UIInterfaceOrientationLandscapeLeft UIInterfaceOrientationLandscapeRight";
				INFOPLIST_KEY_UISupportedInterfaceOrientations_iPhone = "UIInterfaceOrientationPortrait UIInterfaceOrientationLandscapeLeft UIInterfaceOrientationLandscapeRight";
				LD_RUNPATH_SEARCH_PATHS = (
					"$(inherited)",
					"@executable_path/Frameworks",
				);
				MARKETING_VERSION = 1.0;
				PRODUCT_BUNDLE_IDENTIFIER = ngo.matter.StudentProgressInfo;
				PRODUCT_NAME = "$(TARGET_NAME)";
				SWIFT_EMIT_LOC_STRINGS = YES;
				SWIFT_VERSION = 5.0;
				TARGETED_DEVICE_FAMILY = "1,2";
			};
			name = Debug;
		};
		8410A1602B9A806E007E1C3B /* Release */ = {
			isa = XCBuildConfiguration;
			buildSettings = {
				ASSETCATALOG_COMPILER_APPICON_NAME = AppIcon;
				ASSETCATALOG_COMPILER_GLOBAL_ACCENT_COLOR_NAME = AccentColor;
				CODE_SIGN_STYLE = Automatic;
				CURRENT_PROJECT_VERSION = 1;
				DEVELOPMENT_ASSET_PATHS = "\"StudentProgressInfo/Preview Content\"";
				ENABLE_PREVIEWS = YES;
				GENERATE_INFOPLIST_FILE = YES;
				INFOPLIST_KEY_UIApplicationSceneManifest_Generation = YES;
				INFOPLIST_KEY_UIApplicationSupportsIndirectInputEvents = YES;
				INFOPLIST_KEY_UILaunchScreen_Generation = YES;
				INFOPLIST_KEY_UISupportedInterfaceOrientations_iPad = "UIInterfaceOrientationPortrait UIInterfaceOrientationPortraitUpsideDown UIInterfaceOrientationLandscapeLeft UIInterfaceOrientationLandscapeRight";
				INFOPLIST_KEY_UISupportedInterfaceOrientations_iPhone = "UIInterfaceOrientationPortrait UIInterfaceOrientationLandscapeLeft UIInterfaceOrientationLandscapeRight";
				LD_RUNPATH_SEARCH_PATHS = (
					"$(inherited)",
					"@executable_path/Frameworks",
				);
				MARKETING_VERSION = 1.0;
				PRODUCT_BUNDLE_IDENTIFIER = ngo.matter.StudentProgressInfo;
				PRODUCT_NAME = "$(TARGET_NAME)";
				SWIFT_EMIT_LOC_STRINGS = YES;
				SWIFT_VERSION = 5.0;
				TARGETED_DEVICE_FAMILY = "1,2";
			};
			name = Release;
		};
		8410A1622B9A806E007E1C3B /* Debug */ = {
			isa = XCBuildConfiguration;
			buildSettings = {
				ALWAYS_EMBED_SWIFT_STANDARD_LIBRARIES = YES;
				BUNDLE_LOADER = "$(TEST_HOST)";
				CODE_SIGN_STYLE = Automatic;
				CURRENT_PROJECT_VERSION = 1;
				GENERATE_INFOPLIST_FILE = YES;
				IPHONEOS_DEPLOYMENT_TARGET = 16.4;
				MARKETING_VERSION = 1.0;
				PRODUCT_BUNDLE_IDENTIFIER = ngo.matter.StudentProgressInfoTests;
				PRODUCT_NAME = "$(TARGET_NAME)";
				SWIFT_EMIT_LOC_STRINGS = NO;
				SWIFT_VERSION = 5.0;
				TARGETED_DEVICE_FAMILY = "1,2";
				TEST_HOST = "$(BUILT_PRODUCTS_DIR)/StudentProgressInfo.app/$(BUNDLE_EXECUTABLE_FOLDER_PATH)/StudentProgressInfo";
			};
			name = Debug;
		};
		8410A1632B9A806E007E1C3B /* Release */ = {
			isa = XCBuildConfiguration;
			buildSettings = {
				ALWAYS_EMBED_SWIFT_STANDARD_LIBRARIES = YES;
				BUNDLE_LOADER = "$(TEST_HOST)";
				CODE_SIGN_STYLE = Automatic;
				CURRENT_PROJECT_VERSION = 1;
				GENERATE_INFOPLIST_FILE = YES;
				IPHONEOS_DEPLOYMENT_TARGET = 16.4;
				MARKETING_VERSION = 1.0;
				PRODUCT_BUNDLE_IDENTIFIER = ngo.matter.StudentProgressInfoTests;
				PRODUCT_NAME = "$(TARGET_NAME)";
				SWIFT_EMIT_LOC_STRINGS = NO;
				SWIFT_VERSION = 5.0;
				TARGETED_DEVICE_FAMILY = "1,2";
				TEST_HOST = "$(BUILT_PRODUCTS_DIR)/StudentProgressInfo.app/$(BUNDLE_EXECUTABLE_FOLDER_PATH)/StudentProgressInfo";
			};
			name = Release;
		};
		8410A1652B9A806E007E1C3B /* Debug */ = {
			isa = XCBuildConfiguration;
			buildSettings = {
				ALWAYS_EMBED_SWIFT_STANDARD_LIBRARIES = YES;
				CODE_SIGN_STYLE = Automatic;
				CURRENT_PROJECT_VERSION = 1;
				GENERATE_INFOPLIST_FILE = YES;
				MARKETING_VERSION = 1.0;
				PRODUCT_BUNDLE_IDENTIFIER = ngo.matter.StudentProgressInfoUITests;
				PRODUCT_NAME = "$(TARGET_NAME)";
				SWIFT_EMIT_LOC_STRINGS = NO;
				SWIFT_VERSION = 5.0;
				TARGETED_DEVICE_FAMILY = "1,2";
				TEST_TARGET_NAME = StudentProgressInfo;
			};
			name = Debug;
		};
		8410A1662B9A806E007E1C3B /* Release */ = {
			isa = XCBuildConfiguration;
			buildSettings = {
				ALWAYS_EMBED_SWIFT_STANDARD_LIBRARIES = YES;
				CODE_SIGN_STYLE = Automatic;
				CURRENT_PROJECT_VERSION = 1;
				GENERATE_INFOPLIST_FILE = YES;
				MARKETING_VERSION = 1.0;
				PRODUCT_BUNDLE_IDENTIFIER = ngo.matter.StudentProgressInfoUITests;
				PRODUCT_NAME = "$(TARGET_NAME)";
				SWIFT_EMIT_LOC_STRINGS = NO;
				SWIFT_VERSION = 5.0;
				TARGETED_DEVICE_FAMILY = "1,2";
				TEST_TARGET_NAME = StudentProgressInfo;
			};
			name = Release;
		};
/* End XCBuildConfiguration section */

/* Begin XCConfigurationList section */
		8410A1302B9A806C007E1C3B /* Build configuration list for PBXProject "StudentProgressInfo" */ = {
			isa = XCConfigurationList;
			buildConfigurations = (
				8410A15C2B9A806E007E1C3B /* Debug */,
				8410A15D2B9A806E007E1C3B /* Release */,
			);
			defaultConfigurationIsVisible = 0;
			defaultConfigurationName = Release;
		};
		8410A15E2B9A806E007E1C3B /* Build configuration list for PBXNativeTarget "StudentProgressInfo" */ = {
			isa = XCConfigurationList;
			buildConfigurations = (
				8410A15F2B9A806E007E1C3B /* Debug */,
				8410A1602B9A806E007E1C3B /* Release */,
			);
			defaultConfigurationIsVisible = 0;
			defaultConfigurationName = Release;
		};
		8410A1612B9A806E007E1C3B /* Build configuration list for PBXNativeTarget "StudentProgressInfoTests" */ = {
			isa = XCConfigurationList;
			buildConfigurations = (
				8410A1622B9A806E007E1C3B /* Debug */,
				8410A1632B9A806E007E1C3B /* Release */,
			);
			defaultConfigurationIsVisible = 0;
			defaultConfigurationName = Release;
		};
		8410A1642B9A806E007E1C3B /* Build configuration list for PBXNativeTarget "StudentProgressInfoUITests" */ = {
			isa = XCConfigurationList;
			buildConfigurations = (
				8410A1652B9A806E007E1C3B /* Debug */,
				8410A1662B9A806E007E1C3B /* Release */,
			);
			defaultConfigurationIsVisible = 0;
			defaultConfigurationName = Release;
		};
/* End XCConfigurationList section */

/* Begin XCVersionGroup section */
		8410A1432B9A806E007E1C3B /* StudentProgressInfo.xcdatamodeld */ = {
			isa = XCVersionGroup;
			children = (
				8410A1442B9A806E007E1C3B /* StudentProgressInfo.xcdatamodel */,
			);
			currentVersion = 8410A1442B9A806E007E1C3B /* StudentProgressInfo.xcdatamodel */;
			path = StudentProgressInfo.xcdatamodeld;
			sourceTree = "<group>";
			versionGroupType = wrapper.xcdatamodel;
		};
/* End XCVersionGroup section */
	};
	rootObject = 8410A12D2B9A806C007E1C3B /* Project object */;
}
